
Microsoft Visual Studio Solution File, Format Version 12.00
# Visual Studio 15
Project("{FAE04EC0-301F-11D3-BF4B-00C04F79EFBC}") = "DependencyInjectionExamples.Android", "DependencyInjectionExamples.Android\DependencyInjectionExamples.Android.csproj", "{AE16DEF8-7D9C-4C65-AF0F-F376486C9FBE}"
EndProject
Project("{FAE04EC0-301F-11D3-BF4B-00C04F79EFBC}") = "DependencyInjectionExamples.iOS", "DependencyInjectionExamples.iOS\DependencyInjectionExamples.iOS.csproj", "{821DCE72-9856-4E12-9978-A8D1A98D98A2}"
EndProject
Project("{FAE04EC0-301F-11D3-BF4B-00C04F79EFBC}") = "DependencyInjectionExamples.UITests", "DependencyInjectionExamples.UITests\DependencyInjectionExamples.UITests.csproj", "{B19C892E-2628-4CA7-AD27-08D406A3B14B}"
EndProject
Project("{FAE04EC0-301F-11D3-BF4B-00C04F79EFBC}") = "DependencyInjectionExamples", "DependencyInjectionExamples\DependencyInjectionExamples.csproj", "{2DC15DE6-6175-4D20-96E2-0372DDDB39E2}"
EndProject
Project("{FAE04EC0-301F-11D3-BF4B-00C04F79EFBC}") = "DependencyInjectionExamples.Tests", "DependencyInjectionExamples.Tests\DependencyInjectionExamples.Tests.csproj", "{6D0DEA2F-C3A1-47EB-A819-37CAC877C6D0}"
EndProject
Global
	GlobalSection(SolutionConfigurationPlatforms) = preSolution
		Debug|Any CPU = Debug|Any CPU
		Release|Any CPU = Release|Any CPU
		Debug|iPhoneSimulator = Debug|iPhoneSimulator
		Release|iPhoneSimulator = Release|iPhoneSimulator
		Debug|iPhone = Debug|iPhone
		Release|iPhone = Release|iPhone
		Ad-Hoc|iPhone = Ad-Hoc|iPhone
		AppStore|iPhone = AppStore|iPhone
	EndGlobalSection
	GlobalSection(ProjectConfigurationPlatforms) = postSolution
		{AE16DEF8-7D9C-4C65-AF0F-F376486C9FBE}.Debug|Any CPU.ActiveCfg = Debug|Any CPU
		{AE16DEF8-7D9C-4C65-AF0F-F376486C9FBE}.Debug|Any CPU.Build.0 = Debug|Any CPU
		{AE16DEF8-7D9C-4C65-AF0F-F376486C9FBE}.Release|Any CPU.ActiveCfg = Release|Any CPU
		{AE16DEF8-7D9C-4C65-AF0F-F376486C9FBE}.Release|Any CPU.Build.0 = Release|Any CPU
		{AE16DEF8-7D9C-4C65-AF0F-F376486C9FBE}.Debug|iPhoneSimulator.ActiveCfg = Debug|Any CPU
		{AE16DEF8-7D9C-4C65-AF0F-F376486C9FBE}.Debug|iPhoneSimulator.Build.0 = Debug|Any CPU
		{AE16DEF8-7D9C-4C65-AF0F-F376486C9FBE}.Release|iPhoneSimulator.ActiveCfg = Release|Any CPU
		{AE16DEF8-7D9C-4C65-AF0F-F376486C9FBE}.Release|iPhoneSimulator.Build.0 = Release|Any CPU
		{AE16DEF8-7D9C-4C65-AF0F-F376486C9FBE}.Debug|iPhone.ActiveCfg = Debug|Any CPU
		{AE16DEF8-7D9C-4C65-AF0F-F376486C9FBE}.Debug|iPhone.Build.0 = Debug|Any CPU
		{AE16DEF8-7D9C-4C65-AF0F-F376486C9FBE}.Release|iPhone.ActiveCfg = Release|Any CPU
		{AE16DEF8-7D9C-4C65-AF0F-F376486C9FBE}.Release|iPhone.Build.0 = Release|Any CPU
		{AE16DEF8-7D9C-4C65-AF0F-F376486C9FBE}.Ad-Hoc|iPhone.ActiveCfg = Debug|Any CPU
		{AE16DEF8-7D9C-4C65-AF0F-F376486C9FBE}.Ad-Hoc|iPhone.Build.0 = Debug|Any CPU
		{AE16DEF8-7D9C-4C65-AF0F-F376486C9FBE}.AppStore|iPhone.ActiveCfg = Debug|Any CPU
		{AE16DEF8-7D9C-4C65-AF0F-F376486C9FBE}.AppStore|iPhone.Build.0 = Debug|Any CPU
		{821DCE72-9856-4E12-9978-A8D1A98D98A2}.Debug|Any CPU.ActiveCfg = Debug|iPhoneSimulator
		{821DCE72-9856-4E12-9978-A8D1A98D98A2}.Debug|Any CPU.Build.0 = Debug|iPhoneSimulator
		{821DCE72-9856-4E12-9978-A8D1A98D98A2}.Release|Any CPU.ActiveCfg = Release|iPhoneSimulator
		{821DCE72-9856-4E12-9978-A8D1A98D98A2}.Release|Any CPU.Build.0 = Release|iPhoneSimulator
		{821DCE72-9856-4E12-9978-A8D1A98D98A2}.Debug|iPhoneSimulator.ActiveCfg = Debug|iPhoneSimulator
		{821DCE72-9856-4E12-9978-A8D1A98D98A2}.Debug|iPhoneSimulator.Build.0 = Debug|iPhoneSimulator
		{821DCE72-9856-4E12-9978-A8D1A98D98A2}.Release|iPhoneSimulator.ActiveCfg = Release|iPhoneSimulator
		{821DCE72-9856-4E12-9978-A8D1A98D98A2}.Release|iPhoneSimulator.Build.0 = Release|iPhoneSimulator
		{821DCE72-9856-4E12-9978-A8D1A98D98A2}.Debug|iPhone.ActiveCfg = Debug|iPhone
		{821DCE72-9856-4E12-9978-A8D1A98D98A2}.Debug|iPhone.Build.0 = Debug|iPhone
		{821DCE72-9856-4E12-9978-A8D1A98D98A2}.Release|iPhone.ActiveCfg = Release|iPhone
		{821DCE72-9856-4E12-9978-A8D1A98D98A2}.Release|iPhone.Build.0 = Release|iPhone
		{821DCE72-9856-4E12-9978-A8D1A98D98A2}.Ad-Hoc|iPhone.ActiveCfg = Ad-Hoc|iPhone
		{821DCE72-9856-4E12-9978-A8D1A98D98A2}.Ad-Hoc|iPhone.Build.0 = Ad-Hoc|iPhone
		{821DCE72-9856-4E12-9978-A8D1A98D98A2}.AppStore|iPhone.ActiveCfg = AppStore|iPhone
		{821DCE72-9856-4E12-9978-A8D1A98D98A2}.AppStore|iPhone.Build.0 = AppStore|iPhone
		{B19C892E-2628-4CA7-AD27-08D406A3B14B}.Debug|Any CPU.ActiveCfg = Debug|Any CPU
		{B19C892E-2628-4CA7-AD27-08D406A3B14B}.Debug|Any CPU.Build.0 = Debug|Any CPU
		{B19C892E-2628-4CA7-AD27-08D406A3B14B}.Release|Any CPU.ActiveCfg = Release|Any CPU
		{B19C892E-2628-4CA7-AD27-08D406A3B14B}.Release|Any CPU.Build.0 = Release|Any CPU
		{B19C892E-2628-4CA7-AD27-08D406A3B14B}.Debug|iPhoneSimulator.ActiveCfg = Debug|Any CPU
		{B19C892E-2628-4CA7-AD27-08D406A3B14B}.Debug|iPhoneSimulator.Build.0 = Debug|Any CPU
		{B19C892E-2628-4CA7-AD27-08D406A3B14B}.Release|iPhoneSimulator.ActiveCfg = Release|Any CPU
		{B19C892E-2628-4CA7-AD27-08D406A3B14B}.Release|iPhoneSimulator.Build.0 = Release|Any CPU
		{B19C892E-2628-4CA7-AD27-08D406A3B14B}.Debug|iPhone.ActiveCfg = Debug|Any CPU
		{B19C892E-2628-4CA7-AD27-08D406A3B14B}.Debug|iPhone.Build.0 = Debug|Any CPU
		{B19C892E-2628-4CA7-AD27-08D406A3B14B}.Release|iPhone.ActiveCfg = Release|Any CPU
		{B19C892E-2628-4CA7-AD27-08D406A3B14B}.Release|iPhone.Build.0 = Release|Any CPU
		{B19C892E-2628-4CA7-AD27-08D406A3B14B}.Ad-Hoc|iPhone.ActiveCfg = Debug|Any CPU
		{B19C892E-2628-4CA7-AD27-08D406A3B14B}.Ad-Hoc|iPhone.Build.0 = Debug|Any CPU
		{B19C892E-2628-4CA7-AD27-08D406A3B14B}.AppStore|iPhone.ActiveCfg = Debug|Any CPU
		{B19C892E-2628-4CA7-AD27-08D406A3B14B}.AppStore|iPhone.Build.0 = Debug|Any CPU
		{2DC15DE6-6175-4D20-96E2-0372DDDB39E2}.Debug|Any CPU.ActiveCfg = Debug|Any CPU
		{2DC15DE6-6175-4D20-96E2-0372DDDB39E2}.Debug|Any CPU.Build.0 = Debug|Any CPU
		{2DC15DE6-6175-4D20-96E2-0372DDDB39E2}.Release|Any CPU.ActiveCfg = Release|Any CPU
		{2DC15DE6-6175-4D20-96E2-0372DDDB39E2}.Release|Any CPU.Build.0 = Release|Any CPU
		{2DC15DE6-6175-4D20-96E2-0372DDDB39E2}.Debug|iPhoneSimulator.ActiveCfg = Debug|Any CPU
		{2DC15DE6-6175-4D20-96E2-0372DDDB39E2}.Debug|iPhoneSimulator.Build.0 = Debug|Any CPU
		{2DC15DE6-6175-4D20-96E2-0372DDDB39E2}.Release|iPhoneSimulator.ActiveCfg = Release|Any CPU
		{2DC15DE6-6175-4D20-96E2-0372DDDB39E2}.Release|iPhoneSimulator.Build.0 = Release|Any CPU
		{2DC15DE6-6175-4D20-96E2-0372DDDB39E2}.Debug|iPhone.ActiveCfg = Debug|Any CPU
		{2DC15DE6-6175-4D20-96E2-0372DDDB39E2}.Debug|iPhone.Build.0 = Debug|Any CPU
		{2DC15DE6-6175-4D20-96E2-0372DDDB39E2}.Release|iPhone.ActiveCfg = Release|Any CPU
		{2DC15DE6-6175-4D20-96E2-0372DDDB39E2}.Release|iPhone.Build.0 = Release|Any CPU
		{2DC15DE6-6175-4D20-96E2-0372DDDB39E2}.Ad-Hoc|iPhone.ActiveCfg = Debug|Any CPU
		{2DC15DE6-6175-4D20-96E2-0372DDDB39E2}.Ad-Hoc|iPhone.Build.0 = Debug|Any CPU
		{2DC15DE6-6175-4D20-96E2-0372DDDB39E2}.AppStore|iPhone.ActiveCfg = Debug|Any CPU
		{2DC15DE6-6175-4D20-96E2-0372DDDB39E2}.AppStore|iPhone.Build.0 = Debug|Any CPU
		{6D0DEA2F-C3A1-47EB-A819-37CAC877C6D0}.Debug|Any CPU.ActiveCfg = Debug|Any CPU
		{6D0DEA2F-C3A1-47EB-A819-37CAC877C6D0}.Debug|Any CPU.Build.0 = Debug|Any CPU
		{6D0DEA2F-C3A1-47EB-A819-37CAC877C6D0}.Release|Any CPU.ActiveCfg = Release|Any CPU
		{6D0DEA2F-C3A1-47EB-A819-37CAC877C6D0}.Release|Any CPU.Build.0 = Release|Any CPU
		{6D0DEA2F-C3A1-47EB-A819-37CAC877C6D0}.Debug|iPhoneSimulator.ActiveCfg = Debug|Any CPU
		{6D0DEA2F-C3A1-47EB-A819-37CAC877C6D0}.Debug|iPhoneSimulator.Build.0 = Debug|Any CPU
		{6D0DEA2F-C3A1-47EB-A819-37CAC877C6D0}.Release|iPhoneSimulator.ActiveCfg = Release|Any CPU
		{6D0DEA2F-C3A1-47EB-A819-37CAC877C6D0}.Release|iPhoneSimulator.Build.0 = Release|Any CPU
		{6D0DEA2F-C3A1-47EB-A819-37CAC877C6D0}.Debug|iPhone.ActiveCfg = Debug|Any CPU
		{6D0DEA2F-C3A1-47EB-A819-37CAC877C6D0}.Debug|iPhone.Build.0 = Debug|Any CPU
		{6D0DEA2F-C3A1-47EB-A819-37CAC877C6D0}.Release|iPhone.ActiveCfg = Release|Any CPU
		{6D0DEA2F-C3A1-47EB-A819-37CAC877C6D0}.Release|iPhone.Build.0 = Release|Any CPU
		{6D0DEA2F-C3A1-47EB-A819-37CAC877C6D0}.Ad-Hoc|iPhone.ActiveCfg = Release|Any CPU
		{6D0DEA2F-C3A1-47EB-A819-37CAC877C6D0}.Ad-Hoc|iPhone.Build.0 = Release|Any CPU
		{6D0DEA2F-C3A1-47EB-A819-37CAC877C6D0}.AppStore|iPhone.ActiveCfg = Release|Any CPU
		{6D0DEA2F-C3A1-47EB-A819-37CAC877C6D0}.AppStore|iPhone.Build.0 = Release|Any CPU
	EndGlobalSection
EndGlobal
